
Microsoft Visual Studio Solution File, Format Version 12.00
# Visual Studio 15
VisualStudioVersion = 15.0.26730.12
MinimumVisualStudioVersion = 10.0.40219.1
Project("{FAE04EC0-301F-11D3-BF4B-00C04F79EFBC}") = "Rpc.Client", "Rpc.Client\Rpc.Client.csproj", "{71D7B676-DE80-44B5-BBAD-3326EEB5733B}"
EndProject
Project("{FAE04EC0-301F-11D3-BF4B-00C04F79EFBC}") = "Infrastructrue", "Infrastructrue\Infrastructrue.csproj", "{C95E2DCF-AEA1-4B2B-BE81-CCBF7F4D36E3}"
EndProject
Project("{FAE04EC0-301F-11D3-BF4B-00C04F79EFBC}") = "Rpc.Server", "Rpc.Server\Rpc.Server.csproj", "{9C97DADD-E1EE-497C-9E79-8FA463480AA1}"
EndProject
Project("{FAE04EC0-301F-11D3-BF4B-00C04F79EFBC}") = "DotNetRpc", "DotNetRpc\DotNetRpc.csproj", "{476E2348-9CD3-4582-A8A9-176D8F14235E}"
EndProject
Project("{FAE04EC0-301F-11D3-BF4B-00C04F79EFBC}") = "DotNetRpc.Client", "DotNetRpc.Client\DotNetRpc.Client.csproj", "{8672058B-8766-4FA1-B850-C053EF47F30E}"
EndProject
Project("{FAE04EC0-301F-11D3-BF4B-00C04F79EFBC}") = "DotNetRpc.Server", "DotNetRpc.Server\DotNetRpc.Server.csproj", "{DA803AAE-3569-4A7A-9B07-7CD9C7B0619F}"
EndProject
Project("{FAE04EC0-301F-11D3-BF4B-00C04F79EFBC}") = "DotNetRpc.TestModel", "DotNetRpc.TestModel\DotNetRpc.TestModel.csproj", "{468F176C-5BFE-42E4-8828-27432D9A57BA}"
EndProject
Global
	GlobalSection(SolutionConfigurationPlatforms) = preSolution
		Debug|Any CPU = Debug|Any CPU
		Release|Any CPU = Release|Any CPU
	EndGlobalSection
	GlobalSection(ProjectConfigurationPlatforms) = postSolution
		{71D7B676-DE80-44B5-BBAD-3326EEB5733B}.Debug|Any CPU.ActiveCfg = Debug|Any CPU
		{71D7B676-DE80-44B5-BBAD-3326EEB5733B}.Debug|Any CPU.Build.0 = Debug|Any CPU
		{71D7B676-DE80-44B5-BBAD-3326EEB5733B}.Release|Any CPU.ActiveCfg = Release|Any CPU
		{71D7B676-DE80-44B5-BBAD-3326EEB5733B}.Release|Any CPU.Build.0 = Release|Any CPU
		{C95E2DCF-AEA1-4B2B-BE81-CCBF7F4D36E3}.Debug|Any CPU.ActiveCfg = Debug|Any CPU
		{C95E2DCF-AEA1-4B2B-BE81-CCBF7F4D36E3}.Debug|Any CPU.Build.0 = Debug|Any CPU
		{C95E2DCF-AEA1-4B2B-BE81-CCBF7F4D36E3}.Release|Any CPU.ActiveCfg = Release|Any CPU
		{C95E2DCF-AEA1-4B2B-BE81-CCBF7F4D36E3}.Release|Any CPU.Build.0 = Release|Any CPU
		{9C97DADD-E1EE-497C-9E79-8FA463480AA1}.Debug|Any CPU.ActiveCfg = Debug|Any CPU
		{9C97DADD-E1EE-497C-9E79-8FA463480AA1}.Debug|Any CPU.Build.0 = Debug|Any CPU
		{9C97DADD-E1EE-497C-9E79-8FA463480AA1}.Release|Any CPU.ActiveCfg = Release|Any CPU
		{9C97DADD-E1EE-497C-9E79-8FA463480AA1}.Release|Any CPU.Build.0 = Release|Any CPU
		{476E2348-9CD3-4582-A8A9-176D8F14235E}.Debug|Any CPU.ActiveCfg = Debug|Any CPU
		{476E2348-9CD3-4582-A8A9-176D8F14235E}.Debug|Any CPU.Build.0 = Debug|Any CPU
		{476E2348-9CD3-4582-A8A9-176D8F14235E}.Release|Any CPU.ActiveCfg = Release|Any CPU
		{476E2348-9CD3-4582-A8A9-176D8F14235E}.Release|Any CPU.Build.0 = Release|Any CPU
		{8672058B-8766-4FA1-B850-C053EF47F30E}.Debug|Any CPU.ActiveCfg = Debug|Any CPU
		{8672058B-8766-4FA1-B850-C053EF47F30E}.Debug|Any CPU.Build.0 = Debug|Any CPU
		{8672058B-8766-4FA1-B850-C053EF47F30E}.Release|Any CPU.ActiveCfg = Release|Any CPU
		{8672058B-8766-4FA1-B850-C053EF47F30E}.Release|Any CPU.Build.0 = Release|Any CPU
		{DA803AAE-3569-4A7A-9B07-7CD9C7B0619F}.Debug|Any CPU.ActiveCfg = Debug|Any CPU
		{DA803AAE-3569-4A7A-9B07-7CD9C7B0619F}.Debug|Any CPU.Build.0 = Debug|Any CPU
		{DA803AAE-3569-4A7A-9B07-7CD9C7B0619F}.Release|Any CPU.ActiveCfg = Release|Any CPU
		{DA803AAE-3569-4A7A-9B07-7CD9C7B0619F}.Release|Any CPU.Build.0 = Release|Any CPU
		{468F176C-5BFE-42E4-8828-27432D9A57BA}.Debug|Any CPU.ActiveCfg = Debug|Any CPU
		{468F176C-5BFE-42E4-8828-27432D9A57BA}.Debug|Any CPU.Build.0 = Debug|Any CPU
		{468F176C-5BFE-42E4-8828-27432D9A57BA}.Release|Any CPU.ActiveCfg = Release|Any CPU
		{468F176C-5BFE-42E4-8828-27432D9A57BA}.Release|Any CPU.Build.0 = Release|Any CPU
	EndGlobalSection
	GlobalSection(SolutionProperties) = preSolution
		HideSolutionNode = FALSE
	EndGlobalSection
	GlobalSection(ExtensibilityGlobals) = postSolution
		SolutionGuid = {B3C7E145-18C3-4654-ABAD-494A8ECE86F2}
	EndGlobalSection
EndGlobal
